// !$*UTF8*$!
{
	archiveVersion = 1;
	classes = {
	};
	objectVersion = 46;
	objects = {

/* Begin PBXBuildFile section */
		4E3158EF1BA58F43006987B9 /* AILoginViewController.swift in Sources */ = {isa = PBXBuildFile; fileRef = 4E3158EE1BA58F43006987B9 /* AILoginViewController.swift */; };
		4E3158F11BA59861006987B9 /* AIBaseViewController.swift in Sources */ = {isa = PBXBuildFile; fileRef = 4E3158F01BA59861006987B9 /* AIBaseViewController.swift */; };
		4E9B0C1C1BA57D03004A1627 /* AppDelegate.swift in Sources */ = {isa = PBXBuildFile; fileRef = 4E9B0C1B1BA57D03004A1627 /* AppDelegate.swift */; };
		4E9B0C211BA57D03004A1627 /* Main.storyboard in Resources */ = {isa = PBXBuildFile; fileRef = 4E9B0C1F1BA57D03004A1627 /* Main.storyboard */; };
		4E9B0C241BA57D03004A1627 /* Ting.xcdatamodeld in Sources */ = {isa = PBXBuildFile; fileRef = 4E9B0C221BA57D03004A1627 /* Ting.xcdatamodeld */; };
		4E9B0C261BA57D03004A1627 /* Assets.xcassets in Resources */ = {isa = PBXBuildFile; fileRef = 4E9B0C251BA57D03004A1627 /* Assets.xcassets */; };
		4E9B0C291BA57D03004A1627 /* LaunchScreen.storyboard in Resources */ = {isa = PBXBuildFile; fileRef = 4E9B0C271BA57D03004A1627 /* LaunchScreen.storyboard */; };
		4EFCA1221BA581320021314E /* AIColor.swift in Sources */ = {isa = PBXBuildFile; fileRef = 4EFCA1211BA581320021314E /* AIColor.swift */; };
/* End PBXBuildFile section */

/* Begin PBXFileReference section */
		4E3158EE1BA58F43006987B9 /* AILoginViewController.swift */ = {isa = PBXFileReference; fileEncoding = 4; lastKnownFileType = sourcecode.swift; path = AILoginViewController.swift; sourceTree = "<group>"; };
		4E3158F01BA59861006987B9 /* AIBaseViewController.swift */ = {isa = PBXFileReference; fileEncoding = 4; lastKnownFileType = sourcecode.swift; path = AIBaseViewController.swift; sourceTree = "<group>"; };
		4E9B0C181BA57D03004A1627 /* Ting.app */ = {isa = PBXFileReference; explicitFileType = wrapper.application; includeInIndex = 0; path = Ting.app; sourceTree = BUILT_PRODUCTS_DIR; };
		4E9B0C1B1BA57D03004A1627 /* AppDelegate.swift */ = {isa = PBXFileReference; lastKnownFileType = sourcecode.swift; path = AppDelegate.swift; sourceTree = "<group>"; };
		4E9B0C201BA57D03004A1627 /* Base */ = {isa = PBXFileReference; lastKnownFileType = file.storyboard; name = Base; path = Base.lproj/Main.storyboard; sourceTree = "<group>"; };
		4E9B0C231BA57D03004A1627 /* Ting.xcdatamodel */ = {isa = PBXFileReference; lastKnownFileType = wrapper.xcdatamodel; path = Ting.xcdatamodel; sourceTree = "<group>"; };
		4E9B0C251BA57D03004A1627 /* Assets.xcassets */ = {isa = PBXFileReference; lastKnownFileType = folder.assetcatalog; path = Assets.xcassets; sourceTree = "<group>"; };
		4E9B0C281BA57D03004A1627 /* Base */ = {isa = PBXFileReference; lastKnownFileType = file.storyboard; name = Base; path = Base.lproj/LaunchScreen.storyboard; sourceTree = "<group>"; };
		4E9B0C2A1BA57D03004A1627 /* Info.plist */ = {isa = PBXFileReference; lastKnownFileType = text.plist.xml; path = Info.plist; sourceTree = "<group>"; };
		4EFCA1211BA581320021314E /* AIColor.swift */ = {isa = PBXFileReference; fileEncoding = 4; lastKnownFileType = sourcecode.swift; path = AIColor.swift; sourceTree = "<group>"; };
/* End PBXFileReference section */

/* Begin PBXFrameworksBuildPhase section */
		4E9B0C151BA57D03004A1627 /* Frameworks */ = {
			isa = PBXFrameworksBuildPhase;
			buildActionMask = 2147483647;
			files = (
			);
			runOnlyForDeploymentPostprocessing = 0;
		};
/* End PBXFrameworksBuildPhase section */

/* Begin PBXGroup section */
		4E9B0C0F1BA57D03004A1627 = {
			isa = PBXGroup;
			children = (
				4E9B0C1A1BA57D03004A1627 /* Ting */,
				4E9B0C191BA57D03004A1627 /* Products */,
			);
			sourceTree = "<group>";
		};
		4E9B0C191BA57D03004A1627 /* Products */ = {
			isa = PBXGroup;
			children = (
				4E9B0C181BA57D03004A1627 /* Ting.app */,
			);
			name = Products;
			sourceTree = "<group>";
		};
		4E9B0C1A1BA57D03004A1627 /* Ting */ = {
			isa = PBXGroup;
			children = (
				4E9B0C2A1BA57D03004A1627 /* Info.plist */,
				4E9B0C221BA57D03004A1627 /* Ting.xcdatamodeld */,
				4E9B0C271BA57D03004A1627 /* LaunchScreen.storyboard */,
				4EFCA11A1BA57E950021314E /* Utilities */,
				4E9B0C251BA57D03004A1627 /* Assets.xcassets */,
				4E9B0C1B1BA57D03004A1627 /* AppDelegate.swift */,
				4E9B0C1F1BA57D03004A1627 /* Main.storyboard */,
				4E3158EE1BA58F43006987B9 /* AILoginViewController.swift */,
				4E3158F01BA59861006987B9 /* AIBaseViewController.swift */,
			);
			path = Ting;
			sourceTree = "<group>";
		};
		4EFCA11A1BA57E950021314E /* Utilities */ = {
			isa = PBXGroup;
			children = (
				4EFCA1211BA581320021314E /* AIColor.swift */,
			);
			name = Utilities;
			sourceTree = "<group>";
		};
/* End PBXGroup section */

/* Begin PBXNativeTarget section */
		4E9B0C171BA57D03004A1627 /* Ting */ = {
			isa = PBXNativeTarget;
			buildConfigurationList = 4E9B0C2D1BA57D03004A1627 /* Build configuration list for PBXNativeTarget "Ting" */;
			buildPhases = (
				4E9B0C141BA57D03004A1627 /* Sources */,
				4E9B0C151BA57D03004A1627 /* Frameworks */,
				4E9B0C161BA57D03004A1627 /* Resources */,
			);
			buildRules = (
			);
			dependencies = (
			);
			name = Ting;
			productName = Ting;
			productReference = 4E9B0C181BA57D03004A1627 /* Ting.app */;
			productType = "com.apple.product-type.application";
		};
/* End PBXNativeTarget section */

/* Begin PBXProject section */
		4E9B0C101BA57D03004A1627 /* Project object */ = {
			isa = PBXProject;
			attributes = {
				LastUpgradeCheck = 0700;
				ORGANIZATIONNAME = "Chordia, Amisha (US - Mumbai)";
				TargetAttributes = {
					4E9B0C171BA57D03004A1627 = {
						CreatedOnToolsVersion = 7.0;
					};
				};
			};
			buildConfigurationList = 4E9B0C131BA57D03004A1627 /* Build configuration list for PBXProject "Ting" */;
			compatibilityVersion = "Xcode 3.2";
			developmentRegion = English;
			hasScannedForEncodings = 0;
			knownRegions = (
				en,
				Base,
			);
			mainGroup = 4E9B0C0F1BA57D03004A1627;
			productRefGroup = 4E9B0C191BA57D03004A1627 /* Products */;
			projectDirPath = "";
			projectRoot = "";
			targets = (
				4E9B0C171BA57D03004A1627 /* Ting */,
			);
		};
/* End PBXProject section */

/* Begin PBXResourcesBuildPhase section */
		4E9B0C161BA57D03004A1627 /* Resources */ = {
			isa = PBXResourcesBuildPhase;
			buildActionMask = 2147483647;
			files = (
				4E9B0C291BA57D03004A1627 /* LaunchScreen.storyboard in Resources */,
				4E9B0C261BA57D03004A1627 /* Assets.xcassets in Resources */,
				4E9B0C211BA57D03004A1627 /* Main.storyboard in Resources */,
			);
			runOnlyForDeploymentPostprocessing = 0;
		};
/* End PBXResourcesBuildPhase section */

/* Begin PBXSourcesBuildPhase section */
		4E9B0C141BA57D03004A1627 /* Sources */ = {
			isa = PBXSourcesBuildPhase;
			buildActionMask = 2147483647;
			files = (
				4E3158F11BA59861006987B9 /* AIBaseViewController.swift in Sources */,
				4E3158EF1BA58F43006987B9 /* AILoginViewController.swift in Sources */,
				4E9B0C241BA57D03004A1627 /* Ting.xcdatamodeld in Sources */,
				4E9B0C1C1BA57D03004A1627 /* AppDelegate.swift in Sources */,
				4EFCA1221BA581320021314E /* AIColor.swift in Sources */,
			);
			runOnlyForDeploymentPostprocessing = 0;
		};
/* End PBXSourcesBuildPhase section */

/* Begin PBXVariantGroup section */
		4E9B0C1F1BA57D03004A1627 /* Main.storyboard */ = {
			isa = PBXVariantGroup;
			children = (
				4E9B0C201BA57D03004A1627 /* Base */,
			);
			name = Main.storyboard;
			sourceTree = "<group>";
		};
		4E9B0C271BA57D03004A1627 /* LaunchScreen.storyboard */ = {
			isa = PBXVariantGroup;
			children = (
				4E9B0C281BA57D03004A1627 /* Base */,
			);
			name = LaunchScreen.storyboard;
			sourceTree = "<group>";
		};
/* End PBXVariantGroup section */

/* Begin XCBuildConfiguration section */
		4E9B0C2B1BA57D03004A1627 /* Debug */ = {
			isa = XCBuildConfiguration;
			buildSettings = {
				ALWAYS_SEARCH_USER_PATHS = NO;
				CLANG_CXX_LANGUAGE_STANDARD = "gnu++0x";
				CLANG_CXX_LIBRARY = "libc++";
				CLANG_ENABLE_MODULES = YES;
				CLANG_ENABLE_OBJC_ARC = YES;
				CLANG_WARN_BOOL_CONVERSION = YES;
				CLANG_WARN_CONSTANT_CONVERSION = YES;
				CLANG_WARN_DIRECT_OBJC_ISA_USAGE = YES_ERROR;
				CLANG_WARN_EMPTY_BODY = YES;
				CLANG_WARN_ENUM_CONVERSION = YES;
				CLANG_WARN_INT_CONVERSION = YES;
				CLANG_WARN_OBJC_ROOT_CLASS = YES_ERROR;
				CLANG_WARN_UNREACHABLE_CODE = YES;
				CLANG_WARN__DUPLICATE_METHOD_MATCH = YES;
				"CODE_SIGN_IDENTITY[sdk=iphoneos*]" = "iPhone Developer";
				COPY_PHASE_STRIP = NO;
				DEBUG_INFORMATION_FORMAT = dwarf;
				ENABLE_STRICT_OBJC_MSGSEND = YES;
				ENABLE_TESTABILITY = YES;
				GCC_C_LANGUAGE_STANDARD = gnu99;
				GCC_DYNAMIC_NO_PIC = NO;
				GCC_NO_COMMON_BLOCKS = YES;
				GCC_OPTIMIZATION_LEVEL = 0;
				GCC_PREPROCESSOR_DEFINITIONS = (
					"DEBUG=1",
					"$(inherited)",
				);
				GCC_WARN_64_TO_32_BIT_CONVERSION = YES;
				GCC_WARN_ABOUT_RETURN_TYPE = YES_ERROR;
				GCC_WARN_UNDECLARED_SELECTOR = YES;
				GCC_WARN_UNINITIALIZED_AUTOS = YES_AGGRESSIVE;
				GCC_WARN_UNUSED_FUNCTION = YES;
				GCC_WARN_UNUSED_VARIABLE = YES;
				IPHONEOS_DEPLOYMENT_TARGET = 9.0;
				MTL_ENABLE_DEBUG_INFO = YES;
				ONLY_ACTIVE_ARCH = YES;
				SDKROOT = iphoneos;
				SWIFT_OPTIMIZATION_LEVEL = "-Onone";
			};
			name = Debug;
		};
		4E9B0C2C1BA57D03004A1627 /* Release */ = {
			isa = XCBuildConfiguration;
			buildSettings = {
				ALWAYS_SEARCH_USER_PATHS = NO;
				CLANG_CXX_LANGUAGE_STANDARD = "gnu++0x";
				CLANG_CXX_LIBRARY = "libc++";
				CLANG_ENABLE_MODULES = YES;
				CLANG_ENABLE_OBJC_ARC = YES;
				CLANG_WARN_BOOL_CONVERSION = YES;
				CLANG_WARN_CONSTANT_CONVERSION = YES;
				CLANG_WARN_DIRECT_OBJC_ISA_USAGE = YES_ERROR;
				CLANG_WARN_EMPTY_BODY = YES;
				CLANG_WARN_ENUM_CONVERSION = YES;
				CLANG_WARN_INT_CONVERSION = YES;
				CLANG_WARN_OBJC_ROOT_CLASS = YES_ERROR;
				CLANG_WARN_UNREACHABLE_CODE = YES;
				CLANG_WARN__DUPLICATE_METHOD_MATCH = YES;
				"CODE_SIGN_IDENTITY[sdk=iphoneos*]" = "iPhone Developer";
				COPY_PHASE_STRIP = NO;
				DEBUG_INFORMATION_FORMAT = "dwarf-with-dsym";
				ENABLE_NS_ASSERTIONS = NO;
				ENABLE_STRICT_OBJC_MSGSEND = YES;
				GCC_C_LANGUAGE_STANDARD = gnu99;
				GCC_NO_COMMON_BLOCKS = YES;
				GCC_WARN_64_TO_32_BIT_CONVERSION = YES;
				GCC_WARN_ABOUT_RETURN_TYPE = YES_ERROR;
				GCC_WARN_UNDECLARED_SELECTOR = YES;
				GCC_WARN_UNINITIALIZED_AUTOS = YES_AGGRESSIVE;
				GCC_WARN_UNUSED_FUNCTION = YES;
				GCC_WARN_UNUSED_VARIABLE = YES;
				IPHONEOS_DEPLOYMENT_TARGET = 9.0;
				MTL_ENABLE_DEBUG_INFO = NO;
				SDKROOT = iphoneos;
				VALIDATE_PRODUCT = YES;
			};
			name = Release;
		};
		4E9B0C2E1BA57D03004A1627 /* Debug */ = {
			isa = XCBuildConfiguration;
			buildSettings = {
				ASSETCATALOG_COMPILER_APPICON_NAME = AppIcon;
				INFOPLIST_FILE = Ting/Info.plist;
				IPHONEOS_DEPLOYMENT_TARGET = 8.4;
				LD_RUNPATH_SEARCH_PATHS = "$(inherited) @executable_path/Frameworks";
				PRODUCT_BUNDLE_IDENTIFIER = AI.Ting;
				PRODUCT_NAME = "$(TARGET_NAME)";
			};
			name = Debug;
		};
		4E9B0C2F1BA57D03004A1627 /* Release */ = {
			isa = XCBuildConfiguration;
			buildSettings = {
				ASSETCATALOG_COMPILER_APPICON_NAME = AppIcon;
				INFOPLIST_FILE = Ting/Info.plist;
				IPHONEOS_DEPLOYMENT_TARGET = 8.4;
				LD_RUNPATH_SEARCH_PATHS = "$(inherited) @executable_path/Frameworks";
				PRODUCT_BUNDLE_IDENTIFIER = AI.Ting;
				PRODUCT_NAME = "$(TARGET_NAME)";
			};
			name = Release;
		};
/* End XCBuildConfiguration section */

/* Begin XCConfigurationList section */
		4E9B0C131BA57D03004A1627 /* Build configuration list for PBXProject "Ting" */ = {
			isa = XCConfigurationList;
			buildConfigurations = (
				4E9B0C2B1BA57D03004A1627 /* Debug */,
				4E9B0C2C1BA57D03004A1627 /* Release */,
			);
			defaultConfigurationIsVisible = 0;
			defaultConfigurationName = Release;
		};
		4E9B0C2D1BA57D03004A1627 /* Build configuration list for PBXNativeTarget "Ting" */ = {
			isa = XCConfigurationList;
			buildConfigurations = (
				4E9B0C2E1BA57D03004A1627 /* Debug */,
				4E9B0C2F1BA57D03004A1627 /* Release */,
			);
			defaultConfigurationIsVisible = 0;
			defaultConfigurationName = Release;
		};
/* End XCConfigurationList section */

/* Begin XCVersionGroup section */
		4E9B0C221BA57D03004A1627 /* Ting.xcdatamodeld */ = {
			isa = XCVersionGroup;
			children = (
				4E9B0C231BA57D03004A1627 /* Ting.xcdatamodel */,
			);
			currentVersion = 4E9B0C231BA57D03004A1627 /* Ting.xcdatamodel */;
			path = Ting.xcdatamodeld;
			sourceTree = "<group>";
			versionGroupType = wrapper.xcdatamodel;
		};
/* End XCVersionGroup section */
	};
	rootObject = 4E9B0C101BA57D03004A1627 /* Project object */;
}
